
Microsoft Visual Studio Solution File, Format Version 12.00
# Visual Studio Version 16
VisualStudioVersion = 16.0.29709.97
MinimumVisualStudioVersion = 10.0.40219.1
Project("{888888A0-9F3D-457C-B088-3A5042F75D52}") = "ElementsOfProgramming", "ElementsOfProgramming\ElementsOfProgramming.pyproj", "{7B96215F-AC79-4E47-84A2-8872C549B240}"
EndProject
Global
	GlobalSection(SolutionConfigurationPlatforms) = preSolution
		Debug|Any CPU = Debug|Any CPU
		Release|Any CPU = Release|Any CPU
	EndGlobalSection
	GlobalSection(ProjectConfigurationPlatforms) = postSolution
		{7B96215F-AC79-4E47-84A2-8872C549B240}.Debug|Any CPU.ActiveCfg = Debug|Any CPU
		{7B96215F-AC79-4E47-84A2-8872C549B240}.Release|Any CPU.ActiveCfg = Release|Any CPU
	EndGlobalSection
	GlobalSection(SolutionProperties) = preSolution
		HideSolutionNode = FALSE
	EndGlobalSection
	GlobalSection(ExtensibilityGlobals) = postSolution
		SolutionGuid = {80CBF1E6-AA27-4821-BCC5-0896BDB28C4B}
	EndGlobalSection
EndGlobal
